
Microsoft Visual Studio Solution File, Format Version 12.00
Project("{FAE04EC0-301F-11D3-BF4B-00C04F79EFBC}") = "Nachhilfen", "Nachhilfen\Nachhilfen.csproj", "{DA3A0CE0-6429-4E1F-A812-FF278515D045}"
EndProject
Global
	GlobalSection(SolutionConfigurationPlatforms) = preSolution
		Debug|Any CPU = Debug|Any CPU
		Release|Any CPU = Release|Any CPU
	EndGlobalSection
	GlobalSection(ProjectConfigurationPlatforms) = postSolution
		{DA3A0CE0-6429-4E1F-A812-FF278515D045}.Debug|Any CPU.ActiveCfg = Debug|Any CPU
		{DA3A0CE0-6429-4E1F-A812-FF278515D045}.Debug|Any CPU.Build.0 = Debug|Any CPU
		{DA3A0CE0-6429-4E1F-A812-FF278515D045}.Release|Any CPU.ActiveCfg = Release|Any CPU
		{DA3A0CE0-6429-4E1F-A812-FF278515D045}.Release|Any CPU.Build.0 = Release|Any CPU
	EndGlobalSection
EndGlobal
